
Microsoft Visual Studio Solution File, Format Version 12.00
# Visual Studio Version 16
VisualStudioVersion = 16.0.31911.196
MinimumVisualStudioVersion = 10.0.40219.1
Project("{9A19103F-16F7-4668-BE54-9A1E7A4F7556}") = "WWWW", "WWWW.csproj", "{D599F809-ACB8-4834-9979-FD0CB2EFEC67}"
EndProject
Project("{FAE04EC0-301F-11D3-BF4B-00C04F79EFBC}") = "Data", "..\Data\Data.csproj", "{54C8ED3E-20DF-459A-930F-E79E1B288D46}"
EndProject
Global
	GlobalSection(SolutionConfigurationPlatforms) = preSolution
		Debug|Any CPU = Debug|Any CPU
		Release|Any CPU = Release|Any CPU
	EndGlobalSection
	GlobalSection(ProjectConfigurationPlatforms) = postSolution
		{D599F809-ACB8-4834-9979-FD0CB2EFEC67}.Debug|Any CPU.ActiveCfg = Debug|Any CPU
		{D599F809-ACB8-4834-9979-FD0CB2EFEC67}.Debug|Any CPU.Build.0 = Debug|Any CPU
		{D599F809-ACB8-4834-9979-FD0CB2EFEC67}.Release|Any CPU.ActiveCfg = Release|Any CPU
		{D599F809-ACB8-4834-9979-FD0CB2EFEC67}.Release|Any CPU.Build.0 = Release|Any CPU
		{54C8ED3E-20DF-459A-930F-E79E1B288D46}.Debug|Any CPU.ActiveCfg = Debug|Any CPU
		{54C8ED3E-20DF-459A-930F-E79E1B288D46}.Debug|Any CPU.Build.0 = Debug|Any CPU
		{54C8ED3E-20DF-459A-930F-E79E1B288D46}.Release|Any CPU.ActiveCfg = Release|Any CPU
		{54C8ED3E-20DF-459A-930F-E79E1B288D46}.Release|Any CPU.Build.0 = Release|Any CPU
	EndGlobalSection
	GlobalSection(SolutionProperties) = preSolution
		HideSolutionNode = FALSE
	EndGlobalSection
	GlobalSection(ExtensibilityGlobals) = postSolution
		SolutionGuid = {2F2BB9CC-ED48-4883-9375-9C018CCFE570}
	EndGlobalSection
EndGlobal
